
Microsoft Visual Studio Solution File, Format Version 12.00
# Visual Studio 15
VisualStudioVersion = 15.0.28307.572
MinimumVisualStudioVersion = 10.0.40219.1
Project("{FAE04EC0-301F-11D3-BF4B-00C04F79EFBC}") = "KVStore", "KVStore\KVStore.csproj", "{9575D996-C27B-4B86-BF92-EE5180E7132D}"
EndProject
Global
	GlobalSection(SolutionConfigurationPlatforms) = preSolution
		Debug|Any CPU = Debug|Any CPU
		Release|Any CPU = Release|Any CPU
	EndGlobalSection
	GlobalSection(ProjectConfigurationPlatforms) = postSolution
		{9575D996-C27B-4B86-BF92-EE5180E7132D}.Debug|Any CPU.ActiveCfg = Debug|Any CPU
		{9575D996-C27B-4B86-BF92-EE5180E7132D}.Debug|Any CPU.Build.0 = Debug|Any CPU
		{9575D996-C27B-4B86-BF92-EE5180E7132D}.Release|Any CPU.ActiveCfg = Release|Any CPU
		{9575D996-C27B-4B86-BF92-EE5180E7132D}.Release|Any CPU.Build.0 = Release|Any CPU
	EndGlobalSection
	GlobalSection(SolutionProperties) = preSolution
		HideSolutionNode = FALSE
	EndGlobalSection
	GlobalSection(ExtensibilityGlobals) = postSolution
		SolutionGuid = {26A0085F-0D96-4EB7-A9FB-9ECAD7C8C0C3}
	EndGlobalSection
EndGlobal
